
Microsoft Visual Studio Solution File, Format Version 12.00
# Visual Studio Version 16
VisualStudioVersion = 16.0.31829.152
MinimumVisualStudioVersion = 10.0.40219.1
Project("{FAE04EC0-301F-11D3-BF4B-00C04F79EFBC}") = "LibraryEFCore", "LibraryEFCore\LibraryEFCore.csproj", "{79FCCA09-5620-4043-ABB0-4657E4751AB9}"
EndProject
Project("{FAE04EC0-301F-11D3-BF4B-00C04F79EFBC}") = "DataLayer", "DataLayer\DataLayer.csproj", "{43D9EFC3-42E6-4CD2-A739-82B004E85553}"
EndProject
Global
	GlobalSection(SolutionConfigurationPlatforms) = preSolution
		Debug|Any CPU = Debug|Any CPU
		Release|Any CPU = Release|Any CPU
	EndGlobalSection
	GlobalSection(ProjectConfigurationPlatforms) = postSolution
		{79FCCA09-5620-4043-ABB0-4657E4751AB9}.Debug|Any CPU.ActiveCfg = Debug|Any CPU
		{79FCCA09-5620-4043-ABB0-4657E4751AB9}.Debug|Any CPU.Build.0 = Debug|Any CPU
		{79FCCA09-5620-4043-ABB0-4657E4751AB9}.Release|Any CPU.ActiveCfg = Release|Any CPU
		{79FCCA09-5620-4043-ABB0-4657E4751AB9}.Release|Any CPU.Build.0 = Release|Any CPU
		{43D9EFC3-42E6-4CD2-A739-82B004E85553}.Debug|Any CPU.ActiveCfg = Debug|Any CPU
		{43D9EFC3-42E6-4CD2-A739-82B004E85553}.Debug|Any CPU.Build.0 = Debug|Any CPU
		{43D9EFC3-42E6-4CD2-A739-82B004E85553}.Release|Any CPU.ActiveCfg = Release|Any CPU
		{43D9EFC3-42E6-4CD2-A739-82B004E85553}.Release|Any CPU.Build.0 = Release|Any CPU
	EndGlobalSection
	GlobalSection(SolutionProperties) = preSolution
		HideSolutionNode = FALSE
	EndGlobalSection
	GlobalSection(ExtensibilityGlobals) = postSolution
		SolutionGuid = {DC72E2EB-3EBB-4222-B98C-E609F11F9D34}
	EndGlobalSection
EndGlobal
